
Microsoft Visual Studio Solution File, Format Version 12.00
# Visual Studio Version 16
VisualStudioVersion = 16.0.31019.35
MinimumVisualStudioVersion = 10.0.40219.1
Project("{9A19103F-16F7-4668-BE54-9A1E7A4F7556}") = "Day1", "Day1\Day1.csproj", "{64D7CC50-9586-4027-980D-4CCF46294BD6}"
EndProject
Project("{9A19103F-16F7-4668-BE54-9A1E7A4F7556}") = "Day2", "Day2\Day2.csproj", "{B8A00C1D-E434-48D1-B42D-7212B0EDFD85}"
EndProject
Project("{9A19103F-16F7-4668-BE54-9A1E7A4F7556}") = "Day3", "Day3\Day3.csproj", "{0B356A3F-7C7D-4A7F-BF4A-0DAA74460AC7}"
EndProject
Project("{9A19103F-16F7-4668-BE54-9A1E7A4F7556}") = "Day4", "Day4\Day4.csproj", "{C6E0E88C-D40B-4476-9511-BDDDEC0B5410}"
EndProject
Project("{9A19103F-16F7-4668-BE54-9A1E7A4F7556}") = "Day5", "Day5\Day5.csproj", "{C874B2DC-2059-48FA-BAD1-69EAE2300B9E}"
EndProject
Project("{9A19103F-16F7-4668-BE54-9A1E7A4F7556}") = "Day6", "Day6\Day6.csproj", "{8B6880FC-682D-48FC-9E1A-6A3A2DE4CFE8}"
EndProject
Project("{9A19103F-16F7-4668-BE54-9A1E7A4F7556}") = "Day7", "Day7\Day7.csproj", "{66B2E8C5-5ABA-4DB6-BB47-95867F347517}"
EndProject
Project("{9A19103F-16F7-4668-BE54-9A1E7A4F7556}") = "Day8", "Day8\Day8.csproj", "{A2BC18D9-B0F4-4F34-9E7E-977AB36D15C2}"
EndProject
Project("{9A19103F-16F7-4668-BE54-9A1E7A4F7556}") = "DayTemplate", "DayTemplate\DayTemplate.csproj", "{6A0BD8E6-6C79-4003-9B0D-4C2426E87D46}"
EndProject
Project("{9A19103F-16F7-4668-BE54-9A1E7A4F7556}") = "Day9", "Day9\Day9.csproj", "{C7A1D3BA-BDB0-4039-81DA-C4C1A75E077D}"
EndProject
Project("{9A19103F-16F7-4668-BE54-9A1E7A4F7556}") = "Day10", "Day10\Day10.csproj", "{9C23E9A6-277C-4D56-A2E0-3F7075412235}"
EndProject
Project("{9A19103F-16F7-4668-BE54-9A1E7A4F7556}") = "Day11", "Day11\Day11.csproj", "{AF97B1E5-8BC8-452C-B6DB-28B3034F8066}"
EndProject
Project("{9A19103F-16F7-4668-BE54-9A1E7A4F7556}") = "Day12", "Day12\Day12.csproj", "{FD60DE6C-7165-4E6E-A087-2333E49010BE}"
EndProject
Project("{9A19103F-16F7-4668-BE54-9A1E7A4F7556}") = "Day13", "Day13\Day13.csproj", "{C4284AD2-7E38-4895-A7FC-F220057F2529}"
EndProject
Project("{9A19103F-16F7-4668-BE54-9A1E7A4F7556}") = "Day14", "Day14\Day14.csproj", "{77C2EC63-8B1C-4443-9555-F941E2A97420}"
EndProject
Project("{9A19103F-16F7-4668-BE54-9A1E7A4F7556}") = "Day15", "Day15\Day15.csproj", "{0F7AC3D5-6C93-4D5E-B227-C5F37D82E899}"
EndProject
Project("{9A19103F-16F7-4668-BE54-9A1E7A4F7556}") = "Day16", "Day16\Day16.csproj", "{695D9A2D-BB9F-4D8A-ADED-1EE0C9CE67EB}"
EndProject
Project("{9A19103F-16F7-4668-BE54-9A1E7A4F7556}") = "Day17", "Day17\Day17.csproj", "{43D4D138-8370-4B72-BBD7-939792771568}"
EndProject
Project("{9A19103F-16F7-4668-BE54-9A1E7A4F7556}") = "Day18", "Day18\Day18.csproj", "{7039221A-0D0F-4456-9D60-C3BD4AD3A408}"
EndProject
Project("{FAE04EC0-301F-11D3-BF4B-00C04F79EFBC}") = "Day19", "Day19\Day19.csproj", "{8571315A-4C90-42E4-992A-20B2E178AB9C}"
EndProject
Project("{FAE04EC0-301F-11D3-BF4B-00C04F79EFBC}") = "Day20", "Day20\Day20.csproj", "{91E18A74-9EEE-4358-AA02-02D8D90BFD87}"
EndProject
Project("{FAE04EC0-301F-11D3-BF4B-00C04F79EFBC}") = "Day21", "Day21\Day21.csproj", "{5E8657FD-3A8C-4C85-8F1A-F05D79DA1D19}"
EndProject
Global
	GlobalSection(SolutionConfigurationPlatforms) = preSolution
		Debug|Any CPU = Debug|Any CPU
		Debug|x64 = Debug|x64
		Release|Any CPU = Release|Any CPU
		Release|x64 = Release|x64
	EndGlobalSection
	GlobalSection(ProjectConfigurationPlatforms) = postSolution
		{64D7CC50-9586-4027-980D-4CCF46294BD6}.Debug|Any CPU.ActiveCfg = Debug|Any CPU
		{64D7CC50-9586-4027-980D-4CCF46294BD6}.Debug|Any CPU.Build.0 = Debug|Any CPU
		{64D7CC50-9586-4027-980D-4CCF46294BD6}.Debug|x64.ActiveCfg = Debug|Any CPU
		{64D7CC50-9586-4027-980D-4CCF46294BD6}.Debug|x64.Build.0 = Debug|Any CPU
		{64D7CC50-9586-4027-980D-4CCF46294BD6}.Release|Any CPU.ActiveCfg = Release|Any CPU
		{64D7CC50-9586-4027-980D-4CCF46294BD6}.Release|Any CPU.Build.0 = Release|Any CPU
		{64D7CC50-9586-4027-980D-4CCF46294BD6}.Release|x64.ActiveCfg = Release|Any CPU
		{64D7CC50-9586-4027-980D-4CCF46294BD6}.Release|x64.Build.0 = Release|Any CPU
		{B8A00C1D-E434-48D1-B42D-7212B0EDFD85}.Debug|Any CPU.ActiveCfg = Debug|Any CPU
		{B8A00C1D-E434-48D1-B42D-7212B0EDFD85}.Debug|Any CPU.Build.0 = Debug|Any CPU
		{B8A00C1D-E434-48D1-B42D-7212B0EDFD85}.Debug|x64.ActiveCfg = Debug|Any CPU
		{B8A00C1D-E434-48D1-B42D-7212B0EDFD85}.Debug|x64.Build.0 = Debug|Any CPU
		{B8A00C1D-E434-48D1-B42D-7212B0EDFD85}.Release|Any CPU.ActiveCfg = Release|Any CPU
		{B8A00C1D-E434-48D1-B42D-7212B0EDFD85}.Release|Any CPU.Build.0 = Release|Any CPU
		{B8A00C1D-E434-48D1-B42D-7212B0EDFD85}.Release|x64.ActiveCfg = Release|Any CPU
		{B8A00C1D-E434-48D1-B42D-7212B0EDFD85}.Release|x64.Build.0 = Release|Any CPU
		{0B356A3F-7C7D-4A7F-BF4A-0DAA74460AC7}.Debug|Any CPU.ActiveCfg = Debug|Any CPU
		{0B356A3F-7C7D-4A7F-BF4A-0DAA74460AC7}.Debug|Any CPU.Build.0 = Debug|Any CPU
		{0B356A3F-7C7D-4A7F-BF4A-0DAA74460AC7}.Debug|x64.ActiveCfg = Debug|Any CPU
		{0B356A3F-7C7D-4A7F-BF4A-0DAA74460AC7}.Debug|x64.Build.0 = Debug|Any CPU
		{0B356A3F-7C7D-4A7F-BF4A-0DAA74460AC7}.Release|Any CPU.ActiveCfg = Release|Any CPU
		{0B356A3F-7C7D-4A7F-BF4A-0DAA74460AC7}.Release|Any CPU.Build.0 = Release|Any CPU
		{0B356A3F-7C7D-4A7F-BF4A-0DAA74460AC7}.Release|x64.ActiveCfg = Release|Any CPU
		{0B356A3F-7C7D-4A7F-BF4A-0DAA74460AC7}.Release|x64.Build.0 = Release|Any CPU
		{C6E0E88C-D40B-4476-9511-BDDDEC0B5410}.Debug|Any CPU.ActiveCfg = Debug|Any CPU
		{C6E0E88C-D40B-4476-9511-BDDDEC0B5410}.Debug|Any CPU.Build.0 = Debug|Any CPU
		{C6E0E88C-D40B-4476-9511-BDDDEC0B5410}.Debug|x64.ActiveCfg = Debug|Any CPU
		{C6E0E88C-D40B-4476-9511-BDDDEC0B5410}.Debug|x64.Build.0 = Debug|Any CPU
		{C6E0E88C-D40B-4476-9511-BDDDEC0B5410}.Release|Any CPU.ActiveCfg = Release|Any CPU
		{C6E0E88C-D40B-4476-9511-BDDDEC0B5410}.Release|Any CPU.Build.0 = Release|Any CPU
		{C6E0E88C-D40B-4476-9511-BDDDEC0B5410}.Release|x64.ActiveCfg = Release|Any CPU
		{C6E0E88C-D40B-4476-9511-BDDDEC0B5410}.Release|x64.Build.0 = Release|Any CPU
		{C874B2DC-2059-48FA-BAD1-69EAE2300B9E}.Debug|Any CPU.ActiveCfg = Debug|Any CPU
		{C874B2DC-2059-48FA-BAD1-69EAE2300B9E}.Debug|Any CPU.Build.0 = Debug|Any CPU
		{C874B2DC-2059-48FA-BAD1-69EAE2300B9E}.Debug|x64.ActiveCfg = Debug|x64
		{C874B2DC-2059-48FA-BAD1-69EAE2300B9E}.Debug|x64.Build.0 = Debug|x64
		{C874B2DC-2059-48FA-BAD1-69EAE2300B9E}.Release|Any CPU.ActiveCfg = Release|Any CPU
		{C874B2DC-2059-48FA-BAD1-69EAE2300B9E}.Release|Any CPU.Build.0 = Release|Any CPU
		{C874B2DC-2059-48FA-BAD1-69EAE2300B9E}.Release|x64.ActiveCfg = Release|x64
		{C874B2DC-2059-48FA-BAD1-69EAE2300B9E}.Release|x64.Build.0 = Release|x64
		{8B6880FC-682D-48FC-9E1A-6A3A2DE4CFE8}.Debug|Any CPU.ActiveCfg = Debug|Any CPU
		{8B6880FC-682D-48FC-9E1A-6A3A2DE4CFE8}.Debug|Any CPU.Build.0 = Debug|Any CPU
		{8B6880FC-682D-48FC-9E1A-6A3A2DE4CFE8}.Debug|x64.ActiveCfg = Debug|Any CPU
		{8B6880FC-682D-48FC-9E1A-6A3A2DE4CFE8}.Debug|x64.Build.0 = Debug|Any CPU
		{8B6880FC-682D-48FC-9E1A-6A3A2DE4CFE8}.Release|Any CPU.ActiveCfg = Release|Any CPU
		{8B6880FC-682D-48FC-9E1A-6A3A2DE4CFE8}.Release|Any CPU.Build.0 = Release|Any CPU
		{8B6880FC-682D-48FC-9E1A-6A3A2DE4CFE8}.Release|x64.ActiveCfg = Release|Any CPU
		{8B6880FC-682D-48FC-9E1A-6A3A2DE4CFE8}.Release|x64.Build.0 = Release|Any CPU
		{66B2E8C5-5ABA-4DB6-BB47-95867F347517}.Debug|Any CPU.ActiveCfg = Debug|Any CPU
		{66B2E8C5-5ABA-4DB6-BB47-95867F347517}.Debug|Any CPU.Build.0 = Debug|Any CPU
		{66B2E8C5-5ABA-4DB6-BB47-95867F347517}.Debug|x64.ActiveCfg = Debug|Any CPU
		{66B2E8C5-5ABA-4DB6-BB47-95867F347517}.Debug|x64.Build.0 = Debug|Any CPU
		{66B2E8C5-5ABA-4DB6-BB47-95867F347517}.Release|Any CPU.ActiveCfg = Release|Any CPU
		{66B2E8C5-5ABA-4DB6-BB47-95867F347517}.Release|Any CPU.Build.0 = Release|Any CPU
		{66B2E8C5-5ABA-4DB6-BB47-95867F347517}.Release|x64.ActiveCfg = Release|Any CPU
		{66B2E8C5-5ABA-4DB6-BB47-95867F347517}.Release|x64.Build.0 = Release|Any CPU
		{A2BC18D9-B0F4-4F34-9E7E-977AB36D15C2}.Debug|Any CPU.ActiveCfg = Debug|Any CPU
		{A2BC18D9-B0F4-4F34-9E7E-977AB36D15C2}.Debug|Any CPU.Build.0 = Debug|Any CPU
		{A2BC18D9-B0F4-4F34-9E7E-977AB36D15C2}.Debug|x64.ActiveCfg = Debug|Any CPU
		{A2BC18D9-B0F4-4F34-9E7E-977AB36D15C2}.Debug|x64.Build.0 = Debug|Any CPU
		{A2BC18D9-B0F4-4F34-9E7E-977AB36D15C2}.Release|Any CPU.ActiveCfg = Release|Any CPU
		{A2BC18D9-B0F4-4F34-9E7E-977AB36D15C2}.Release|Any CPU.Build.0 = Release|Any CPU
		{A2BC18D9-B0F4-4F34-9E7E-977AB36D15C2}.Release|x64.ActiveCfg = Release|Any CPU
		{A2BC18D9-B0F4-4F34-9E7E-977AB36D15C2}.Release|x64.Build.0 = Release|Any CPU
		{6A0BD8E6-6C79-4003-9B0D-4C2426E87D46}.Debug|Any CPU.ActiveCfg = Debug|Any CPU
		{6A0BD8E6-6C79-4003-9B0D-4C2426E87D46}.Debug|Any CPU.Build.0 = Debug|Any CPU
		{6A0BD8E6-6C79-4003-9B0D-4C2426E87D46}.Debug|x64.ActiveCfg = Debug|Any CPU
		{6A0BD8E6-6C79-4003-9B0D-4C2426E87D46}.Debug|x64.Build.0 = Debug|Any CPU
		{6A0BD8E6-6C79-4003-9B0D-4C2426E87D46}.Release|Any CPU.ActiveCfg = Release|Any CPU
		{6A0BD8E6-6C79-4003-9B0D-4C2426E87D46}.Release|Any CPU.Build.0 = Release|Any CPU
		{6A0BD8E6-6C79-4003-9B0D-4C2426E87D46}.Release|x64.ActiveCfg = Release|Any CPU
		{6A0BD8E6-6C79-4003-9B0D-4C2426E87D46}.Release|x64.Build.0 = Release|Any CPU
		{C7A1D3BA-BDB0-4039-81DA-C4C1A75E077D}.Debug|Any CPU.ActiveCfg = Debug|Any CPU
		{C7A1D3BA-BDB0-4039-81DA-C4C1A75E077D}.Debug|Any CPU.Build.0 = Debug|Any CPU
		{C7A1D3BA-BDB0-4039-81DA-C4C1A75E077D}.Debug|x64.ActiveCfg = Debug|Any CPU
		{C7A1D3BA-BDB0-4039-81DA-C4C1A75E077D}.Debug|x64.Build.0 = Debug|Any CPU
		{C7A1D3BA-BDB0-4039-81DA-C4C1A75E077D}.Release|Any CPU.ActiveCfg = Release|Any CPU
		{C7A1D3BA-BDB0-4039-81DA-C4C1A75E077D}.Release|Any CPU.Build.0 = Release|Any CPU
		{C7A1D3BA-BDB0-4039-81DA-C4C1A75E077D}.Release|x64.ActiveCfg = Release|Any CPU
		{C7A1D3BA-BDB0-4039-81DA-C4C1A75E077D}.Release|x64.Build.0 = Release|Any CPU
		{9C23E9A6-277C-4D56-A2E0-3F7075412235}.Debug|Any CPU.ActiveCfg = Debug|Any CPU
		{9C23E9A6-277C-4D56-A2E0-3F7075412235}.Debug|Any CPU.Build.0 = Debug|Any CPU
		{9C23E9A6-277C-4D56-A2E0-3F7075412235}.Debug|x64.ActiveCfg = Debug|Any CPU
		{9C23E9A6-277C-4D56-A2E0-3F7075412235}.Debug|x64.Build.0 = Debug|Any CPU
		{9C23E9A6-277C-4D56-A2E0-3F7075412235}.Release|Any CPU.ActiveCfg = Release|Any CPU
		{9C23E9A6-277C-4D56-A2E0-3F7075412235}.Release|Any CPU.Build.0 = Release|Any CPU
		{9C23E9A6-277C-4D56-A2E0-3F7075412235}.Release|x64.ActiveCfg = Release|Any CPU
		{9C23E9A6-277C-4D56-A2E0-3F7075412235}.Release|x64.Build.0 = Release|Any CPU
		{AF97B1E5-8BC8-452C-B6DB-28B3034F8066}.Debug|Any CPU.ActiveCfg = Debug|Any CPU
		{AF97B1E5-8BC8-452C-B6DB-28B3034F8066}.Debug|Any CPU.Build.0 = Debug|Any CPU
		{AF97B1E5-8BC8-452C-B6DB-28B3034F8066}.Debug|x64.ActiveCfg = Debug|Any CPU
		{AF97B1E5-8BC8-452C-B6DB-28B3034F8066}.Debug|x64.Build.0 = Debug|Any CPU
		{AF97B1E5-8BC8-452C-B6DB-28B3034F8066}.Release|Any CPU.ActiveCfg = Release|Any CPU
		{AF97B1E5-8BC8-452C-B6DB-28B3034F8066}.Release|Any CPU.Build.0 = Release|Any CPU
		{AF97B1E5-8BC8-452C-B6DB-28B3034F8066}.Release|x64.ActiveCfg = Release|Any CPU
		{AF97B1E5-8BC8-452C-B6DB-28B3034F8066}.Release|x64.Build.0 = Release|Any CPU
		{FD60DE6C-7165-4E6E-A087-2333E49010BE}.Debug|Any CPU.ActiveCfg = Debug|Any CPU
		{FD60DE6C-7165-4E6E-A087-2333E49010BE}.Debug|Any CPU.Build.0 = Debug|Any CPU
		{FD60DE6C-7165-4E6E-A087-2333E49010BE}.Debug|x64.ActiveCfg = Debug|Any CPU
		{FD60DE6C-7165-4E6E-A087-2333E49010BE}.Debug|x64.Build.0 = Debug|Any CPU
		{FD60DE6C-7165-4E6E-A087-2333E49010BE}.Release|Any CPU.ActiveCfg = Release|Any CPU
		{FD60DE6C-7165-4E6E-A087-2333E49010BE}.Release|Any CPU.Build.0 = Release|Any CPU
		{FD60DE6C-7165-4E6E-A087-2333E49010BE}.Release|x64.ActiveCfg = Release|Any CPU
		{FD60DE6C-7165-4E6E-A087-2333E49010BE}.Release|x64.Build.0 = Release|Any CPU
		{C4284AD2-7E38-4895-A7FC-F220057F2529}.Debug|Any CPU.ActiveCfg = Debug|Any CPU
		{C4284AD2-7E38-4895-A7FC-F220057F2529}.Debug|Any CPU.Build.0 = Debug|Any CPU
		{C4284AD2-7E38-4895-A7FC-F220057F2529}.Debug|x64.ActiveCfg = Debug|Any CPU
		{C4284AD2-7E38-4895-A7FC-F220057F2529}.Debug|x64.Build.0 = Debug|Any CPU
		{C4284AD2-7E38-4895-A7FC-F220057F2529}.Release|Any CPU.ActiveCfg = Release|Any CPU
		{C4284AD2-7E38-4895-A7FC-F220057F2529}.Release|Any CPU.Build.0 = Release|Any CPU
		{C4284AD2-7E38-4895-A7FC-F220057F2529}.Release|x64.ActiveCfg = Release|Any CPU
		{C4284AD2-7E38-4895-A7FC-F220057F2529}.Release|x64.Build.0 = Release|Any CPU
		{77C2EC63-8B1C-4443-9555-F941E2A97420}.Debug|Any CPU.ActiveCfg = Debug|Any CPU
		{77C2EC63-8B1C-4443-9555-F941E2A97420}.Debug|Any CPU.Build.0 = Debug|Any CPU
		{77C2EC63-8B1C-4443-9555-F941E2A97420}.Debug|x64.ActiveCfg = Debug|Any CPU
		{77C2EC63-8B1C-4443-9555-F941E2A97420}.Debug|x64.Build.0 = Debug|Any CPU
		{77C2EC63-8B1C-4443-9555-F941E2A97420}.Release|Any CPU.ActiveCfg = Release|Any CPU
		{77C2EC63-8B1C-4443-9555-F941E2A97420}.Release|Any CPU.Build.0 = Release|Any CPU
		{77C2EC63-8B1C-4443-9555-F941E2A97420}.Release|x64.ActiveCfg = Release|Any CPU
		{77C2EC63-8B1C-4443-9555-F941E2A97420}.Release|x64.Build.0 = Release|Any CPU
		{0F7AC3D5-6C93-4D5E-B227-C5F37D82E899}.Debug|Any CPU.ActiveCfg = Debug|Any CPU
		{0F7AC3D5-6C93-4D5E-B227-C5F37D82E899}.Debug|Any CPU.Build.0 = Debug|Any CPU
		{0F7AC3D5-6C93-4D5E-B227-C5F37D82E899}.Debug|x64.ActiveCfg = Debug|Any CPU
		{0F7AC3D5-6C93-4D5E-B227-C5F37D82E899}.Debug|x64.Build.0 = Debug|Any CPU
		{0F7AC3D5-6C93-4D5E-B227-C5F37D82E899}.Release|Any CPU.ActiveCfg = Release|Any CPU
		{0F7AC3D5-6C93-4D5E-B227-C5F37D82E899}.Release|Any CPU.Build.0 = Release|Any CPU
		{0F7AC3D5-6C93-4D5E-B227-C5F37D82E899}.Release|x64.ActiveCfg = Release|Any CPU
		{0F7AC3D5-6C93-4D5E-B227-C5F37D82E899}.Release|x64.Build.0 = Release|Any CPU
		{695D9A2D-BB9F-4D8A-ADED-1EE0C9CE67EB}.Debug|Any CPU.ActiveCfg = Debug|Any CPU
		{695D9A2D-BB9F-4D8A-ADED-1EE0C9CE67EB}.Debug|Any CPU.Build.0 = Debug|Any CPU
		{695D9A2D-BB9F-4D8A-ADED-1EE0C9CE67EB}.Debug|x64.ActiveCfg = Debug|Any CPU
		{695D9A2D-BB9F-4D8A-ADED-1EE0C9CE67EB}.Debug|x64.Build.0 = Debug|Any CPU
		{695D9A2D-BB9F-4D8A-ADED-1EE0C9CE67EB}.Release|Any CPU.ActiveCfg = Release|Any CPU
		{695D9A2D-BB9F-4D8A-ADED-1EE0C9CE67EB}.Release|Any CPU.Build.0 = Release|Any CPU
		{695D9A2D-BB9F-4D8A-ADED-1EE0C9CE67EB}.Release|x64.ActiveCfg = Release|Any CPU
		{695D9A2D-BB9F-4D8A-ADED-1EE0C9CE67EB}.Release|x64.Build.0 = Release|Any CPU
		{43D4D138-8370-4B72-BBD7-939792771568}.Debug|Any CPU.ActiveCfg = Debug|Any CPU
		{43D4D138-8370-4B72-BBD7-939792771568}.Debug|Any CPU.Build.0 = Debug|Any CPU
		{43D4D138-8370-4B72-BBD7-939792771568}.Debug|x64.ActiveCfg = Debug|Any CPU
		{43D4D138-8370-4B72-BBD7-939792771568}.Debug|x64.Build.0 = Debug|Any CPU
		{43D4D138-8370-4B72-BBD7-939792771568}.Release|Any CPU.ActiveCfg = Release|Any CPU
		{43D4D138-8370-4B72-BBD7-939792771568}.Release|Any CPU.Build.0 = Release|Any CPU
		{43D4D138-8370-4B72-BBD7-939792771568}.Release|x64.ActiveCfg = Release|Any CPU
		{43D4D138-8370-4B72-BBD7-939792771568}.Release|x64.Build.0 = Release|Any CPU
		{7039221A-0D0F-4456-9D60-C3BD4AD3A408}.Debug|Any CPU.ActiveCfg = Debug|Any CPU
		{7039221A-0D0F-4456-9D60-C3BD4AD3A408}.Debug|Any CPU.Build.0 = Debug|Any CPU
		{7039221A-0D0F-4456-9D60-C3BD4AD3A408}.Debug|x64.ActiveCfg = Debug|Any CPU
		{7039221A-0D0F-4456-9D60-C3BD4AD3A408}.Debug|x64.Build.0 = Debug|Any CPU
		{7039221A-0D0F-4456-9D60-C3BD4AD3A408}.Release|Any CPU.ActiveCfg = Release|Any CPU
		{7039221A-0D0F-4456-9D60-C3BD4AD3A408}.Release|Any CPU.Build.0 = Release|Any CPU
		{7039221A-0D0F-4456-9D60-C3BD4AD3A408}.Release|x64.ActiveCfg = Release|Any CPU
		{7039221A-0D0F-4456-9D60-C3BD4AD3A408}.Release|x64.Build.0 = Release|Any CPU
		{8571315A-4C90-42E4-992A-20B2E178AB9C}.Debug|Any CPU.ActiveCfg = Debug|Any CPU
		{8571315A-4C90-42E4-992A-20B2E178AB9C}.Debug|Any CPU.Build.0 = Debug|Any CPU
		{8571315A-4C90-42E4-992A-20B2E178AB9C}.Debug|x64.ActiveCfg = Debug|Any CPU
		{8571315A-4C90-42E4-992A-20B2E178AB9C}.Debug|x64.Build.0 = Debug|Any CPU
		{8571315A-4C90-42E4-992A-20B2E178AB9C}.Release|Any CPU.ActiveCfg = Release|Any CPU
		{8571315A-4C90-42E4-992A-20B2E178AB9C}.Release|Any CPU.Build.0 = Release|Any CPU
		{8571315A-4C90-42E4-992A-20B2E178AB9C}.Release|x64.ActiveCfg = Release|Any CPU
		{8571315A-4C90-42E4-992A-20B2E178AB9C}.Release|x64.Build.0 = Release|Any CPU
		{91E18A74-9EEE-4358-AA02-02D8D90BFD87}.Debug|Any CPU.ActiveCfg = Debug|Any CPU
		{91E18A74-9EEE-4358-AA02-02D8D90BFD87}.Debug|Any CPU.Build.0 = Debug|Any CPU
		{91E18A74-9EEE-4358-AA02-02D8D90BFD87}.Debug|x64.ActiveCfg = Debug|Any CPU
		{91E18A74-9EEE-4358-AA02-02D8D90BFD87}.Debug|x64.Build.0 = Debug|Any CPU
		{91E18A74-9EEE-4358-AA02-02D8D90BFD87}.Release|Any CPU.ActiveCfg = Release|Any CPU
		{91E18A74-9EEE-4358-AA02-02D8D90BFD87}.Release|Any CPU.Build.0 = Release|Any CPU
		{91E18A74-9EEE-4358-AA02-02D8D90BFD87}.Release|x64.ActiveCfg = Release|Any CPU
		{91E18A74-9EEE-4358-AA02-02D8D90BFD87}.Release|x64.Build.0 = Release|Any CPU
		{5E8657FD-3A8C-4C85-8F1A-F05D79DA1D19}.Debug|Any CPU.ActiveCfg = Debug|Any CPU
		{5E8657FD-3A8C-4C85-8F1A-F05D79DA1D19}.Debug|Any CPU.Build.0 = Debug|Any CPU
		{5E8657FD-3A8C-4C85-8F1A-F05D79DA1D19}.Debug|x64.ActiveCfg = Debug|Any CPU
		{5E8657FD-3A8C-4C85-8F1A-F05D79DA1D19}.Debug|x64.Build.0 = Debug|Any CPU
		{5E8657FD-3A8C-4C85-8F1A-F05D79DA1D19}.Release|Any CPU.ActiveCfg = Release|Any CPU
		{5E8657FD-3A8C-4C85-8F1A-F05D79DA1D19}.Release|Any CPU.Build.0 = Release|Any CPU
		{5E8657FD-3A8C-4C85-8F1A-F05D79DA1D19}.Release|x64.ActiveCfg = Release|Any CPU
		{5E8657FD-3A8C-4C85-8F1A-F05D79DA1D19}.Release|x64.Build.0 = Release|Any CPU
	EndGlobalSection
	GlobalSection(SolutionProperties) = preSolution
		HideSolutionNode = FALSE
	EndGlobalSection
	GlobalSection(ExtensibilityGlobals) = postSolution
		SolutionGuid = {74AF310D-884A-4378-9B8B-E14521954F36}
	EndGlobalSection
EndGlobal
